
Microsoft Visual Studio Solution File, Format Version 12.00
# Visual Studio Version 17
VisualStudioVersion = 17.14.36518.9 d17.14
MinimumVisualStudioVersion = 10.0.40219.1
Project("{FAE04EC0-301F-11D3-BF4B-00C04F79EFBC}") = "projekSewaPerawatanJasaPertanian(fix)", "projekSewaPerawatanJasaPertanian(fix)\projekSewaPerawatanJasaPertanian(fix).csproj", "{DA7FEF30-4A02-4E41-AB9C-DC61BB263052}"
EndProject
Global
	GlobalSection(SolutionConfigurationPlatforms) = preSolution
		Debug|Any CPU = Debug|Any CPU
		Release|Any CPU = Release|Any CPU
	EndGlobalSection
	GlobalSection(ProjectConfigurationPlatforms) = postSolution
		{DA7FEF30-4A02-4E41-AB9C-DC61BB263052}.Debug|Any CPU.ActiveCfg = Debug|Any CPU
		{DA7FEF30-4A02-4E41-AB9C-DC61BB263052}.Debug|Any CPU.Build.0 = Debug|Any CPU
		{DA7FEF30-4A02-4E41-AB9C-DC61BB263052}.Release|Any CPU.ActiveCfg = Release|Any CPU
		{DA7FEF30-4A02-4E41-AB9C-DC61BB263052}.Release|Any CPU.Build.0 = Release|Any CPU
	EndGlobalSection
	GlobalSection(SolutionProperties) = preSolution
		HideSolutionNode = FALSE
	EndGlobalSection
	GlobalSection(ExtensibilityGlobals) = postSolution
		SolutionGuid = {71E12EA1-500F-434C-BFE9-E7E2C59CC8CB}
	EndGlobalSection
EndGlobal
